
Microsoft Visual Studio Solution File, Format Version 12.00
# Visual Studio Version 17
VisualStudioVersion = 17.10.35027.167
MinimumVisualStudioVersion = 10.0.40219.1
Project("{FAE04EC0-301F-11D3-BF4B-00C04F79EFBC}") = "RPGGame", "RPGGame\RPGGame.csproj", "{1125DD52-211A-4BC3-8B1B-23143A3144A6}"
EndProject
Global
	GlobalSection(SolutionConfigurationPlatforms) = preSolution
		Debug|Any CPU = Debug|Any CPU
		Release|Any CPU = Release|Any CPU
	EndGlobalSection
	GlobalSection(ProjectConfigurationPlatforms) = postSolution
		{1125DD52-211A-4BC3-8B1B-23143A3144A6}.Debug|Any CPU.ActiveCfg = Debug|Any CPU
		{1125DD52-211A-4BC3-8B1B-23143A3144A6}.Debug|Any CPU.Build.0 = Debug|Any CPU
		{1125DD52-211A-4BC3-8B1B-23143A3144A6}.Release|Any CPU.ActiveCfg = Release|Any CPU
		{1125DD52-211A-4BC3-8B1B-23143A3144A6}.Release|Any CPU.Build.0 = Release|Any CPU
	EndGlobalSection
	GlobalSection(SolutionProperties) = preSolution
		HideSolutionNode = FALSE
	EndGlobalSection
	GlobalSection(ExtensibilityGlobals) = postSolution
		SolutionGuid = {BFC4BBE7-6C6E-4F94-9682-3721AE0EE3EC}
	EndGlobalSection
EndGlobal
